
Microsoft Visual Studio Solution File, Format Version 12.00
# Visual Studio Version 17
VisualStudioVersion = 17.6.33801.468
MinimumVisualStudioVersion = 10.0.40219.1
Project("{FAE04EC0-301F-11D3-BF4B-00C04F79EFBC}") = "CRUD", "CRUD\CRUD.csproj", "{8CBE9DD9-C262-4E64-80C1-B99B90369937}"
EndProject
Global
	GlobalSection(SolutionConfigurationPlatforms) = preSolution
		Debug|Any CPU = Debug|Any CPU
		Release|Any CPU = Release|Any CPU
	EndGlobalSection
	GlobalSection(ProjectConfigurationPlatforms) = postSolution
		{8CBE9DD9-C262-4E64-80C1-B99B90369937}.Debug|Any CPU.ActiveCfg = Debug|Any CPU
		{8CBE9DD9-C262-4E64-80C1-B99B90369937}.Debug|Any CPU.Build.0 = Debug|Any CPU
		{8CBE9DD9-C262-4E64-80C1-B99B90369937}.Release|Any CPU.ActiveCfg = Release|Any CPU
		{8CBE9DD9-C262-4E64-80C1-B99B90369937}.Release|Any CPU.Build.0 = Release|Any CPU
	EndGlobalSection
	GlobalSection(SolutionProperties) = preSolution
		HideSolutionNode = FALSE
	EndGlobalSection
	GlobalSection(ExtensibilityGlobals) = postSolution
		SolutionGuid = {08FAE509-3892-48AC-9218-53BFD90DE24C}
	EndGlobalSection
EndGlobal
